// !$*UTF8*$!
{
	archiveVersion = 1;
	classes = {
	};
	objectVersion = 55;
	objects = {

/* Begin PBXBuildFile section */
		3670DB3B28F670590087812E /* PhotoCardCell.swift in Sources */ = {isa = PBXBuildFile; fileRef = 3670DB3A28F670590087812E /* PhotoCardCell.swift */; };
		3670DB4228F6837A0087812E /* PhotoCardData+CoreDataProperties.swift in Sources */ = {isa = PBXBuildFile; fileRef = 3670DB4028F6837A0087812E /* PhotoCardData+CoreDataProperties.swift */; };
		3670DB4328F6837A0087812E /* PhotoCardData+CoreDataClass.swift in Sources */ = {isa = PBXBuildFile; fileRef = 3670DB4128F6837A0087812E /* PhotoCardData+CoreDataClass.swift */; };
		3670DB4528F685830087812E /* CoreDataManager.swift in Sources */ = {isa = PBXBuildFile; fileRef = 3670DB4428F685830087812E /* CoreDataManager.swift */; };
		3670DB4828F697B50087812E /* WriteViewController.swift in Sources */ = {isa = PBXBuildFile; fileRef = 3670DB4728F697B50087812E /* WriteViewController.swift */; };
		3670DB4A28F6A5B70087812E /* WriteView.swift in Sources */ = {isa = PBXBuildFile; fileRef = 3670DB4928F6A5B70087812E /* WriteView.swift */; };
		3670DB4C28F6EE570087812E /* EmptyCell.swift in Sources */ = {isa = PBXBuildFile; fileRef = 3670DB4B28F6EE570087812E /* EmptyCell.swift */; };
		3670DB4F28F6FD070087812E /* CardViewDetailViewController.swift in Sources */ = {isa = PBXBuildFile; fileRef = 3670DB4E28F6FD070087812E /* CardViewDetailViewController.swift */; };
		3670DB5128F7131D0087812E /* DetailView.swift in Sources */ = {isa = PBXBuildFile; fileRef = 3670DB5028F7131D0087812E /* DetailView.swift */; };
		3670DB5628F73B9B0087812E /* EditViewController.swift in Sources */ = {isa = PBXBuildFile; fileRef = 3670DB5528F73B9B0087812E /* EditViewController.swift */; };
		36B3329E28F9B5A30021E0E0 /* UIImage+Extesion.swift in Sources */ = {isa = PBXBuildFile; fileRef = 36B3329D28F9B5A30021E0E0 /* UIImage+Extesion.swift */; };
		36B6139828F7ABFF0037557E /* CollectCell.swift in Sources */ = {isa = PBXBuildFile; fileRef = 36B6139728F7ABFF0037557E /* CollectCell.swift */; };
		36B6139A28F7BB6E0037557E /* Constants.swift in Sources */ = {isa = PBXBuildFile; fileRef = 36B6139928F7BB6E0037557E /* Constants.swift */; };
		36B6139D28F7C85F0037557E /* CalendarViewController.swift in Sources */ = {isa = PBXBuildFile; fileRef = 36B6139C28F7C85F0037557E /* CalendarViewController.swift */; };
		36B613A028F7E7640037557E /* ResultViewController.swift in Sources */ = {isa = PBXBuildFile; fileRef = 36B6139F28F7E7640037557E /* ResultViewController.swift */; };
		36B613A428F7FF540037557E /* ResultCell.swift in Sources */ = {isa = PBXBuildFile; fileRef = 36B613A328F7FF540037557E /* ResultCell.swift */; };
		36B613AE28F86ECD0037557E /* NetworkManager.swift in Sources */ = {isa = PBXBuildFile; fileRef = 36B613AD28F86ECD0037557E /* NetworkManager.swift */; };
		36B613B028F86F5D0037557E /* WeatherData.swift in Sources */ = {isa = PBXBuildFile; fileRef = 36B613AF28F86F5D0037557E /* WeatherData.swift */; };
		36DD6ACE28F652E90071137F /* AppDelegate.swift in Sources */ = {isa = PBXBuildFile; fileRef = 36DD6ACD28F652E90071137F /* AppDelegate.swift */; };
		36DD6AD028F652E90071137F /* SceneDelegate.swift in Sources */ = {isa = PBXBuildFile; fileRef = 36DD6ACF28F652E90071137F /* SceneDelegate.swift */; };
		36DD6AD828F652E90071137F /* PhotoCardDiaryApp.xcdatamodeld in Sources */ = {isa = PBXBuildFile; fileRef = 36DD6AD628F652E90071137F /* PhotoCardDiaryApp.xcdatamodeld */; };
		36DD6ADA28F652EB0071137F /* Assets.xcassets in Resources */ = {isa = PBXBuildFile; fileRef = 36DD6AD928F652EB0071137F /* Assets.xcassets */; };
		36DD6ADD28F652EB0071137F /* LaunchScreen.storyboard in Resources */ = {isa = PBXBuildFile; fileRef = 36DD6ADB28F652EB0071137F /* LaunchScreen.storyboard */; };
		36DD6AE928F6534D0071137F /* MainViewController.swift in Sources */ = {isa = PBXBuildFile; fileRef = 36DD6AE828F6534D0071137F /* MainViewController.swift */; };
		36DD6AEB28F65E550071137F /* UnderLineSegmentedControl.swift in Sources */ = {isa = PBXBuildFile; fileRef = 36DD6AEA28F65E550071137F /* UnderLineSegmentedControl.swift */; };
		36DD6AEF28F65F2F0071137F /* CardViewController.swift in Sources */ = {isa = PBXBuildFile; fileRef = 36DD6AEE28F65F2F0071137F /* CardViewController.swift */; };
		36DD6AF128F65F770071137F /* CollectViewController.swift in Sources */ = {isa = PBXBuildFile; fileRef = 36DD6AF028F65F770071137F /* CollectViewController.swift */; };
		E8DC9B88411D5F89473BEF8B /* Pods_PhotoCardDiaryApp.framework in Frameworks */ = {isa = PBXBuildFile; fileRef = 09D385F84BD4A41134FE4EEE /* Pods_PhotoCardDiaryApp.framework */; };
/* End PBXBuildFile section */

/* Begin PBXFileReference section */
		09D385F84BD4A41134FE4EEE /* Pods_PhotoCardDiaryApp.framework */ = {isa = PBXFileReference; explicitFileType = wrapper.framework; includeInIndex = 0; path = Pods_PhotoCardDiaryApp.framework; sourceTree = BUILT_PRODUCTS_DIR; };
		272AE56AA9D94FDC94EA3304 /* Pods-PhotoCardDiaryApp.debug.xcconfig */ = {isa = PBXFileReference; includeInIndex = 1; lastKnownFileType = text.xcconfig; name = "Pods-PhotoCardDiaryApp.debug.xcconfig"; path = "Target Support Files/Pods-PhotoCardDiaryApp/Pods-PhotoCardDiaryApp.debug.xcconfig"; sourceTree = "<group>"; };
		3670DB3A28F670590087812E /* PhotoCardCell.swift */ = {isa = PBXFileReference; lastKnownFileType = sourcecode.swift; path = PhotoCardCell.swift; sourceTree = "<group>"; };
		3670DB4028F6837A0087812E /* PhotoCardData+CoreDataProperties.swift */ = {isa = PBXFileReference; fileEncoding = 4; lastKnownFileType = sourcecode.swift; path = "PhotoCardData+CoreDataProperties.swift"; sourceTree = "<group>"; };
		3670DB4128F6837A0087812E /* PhotoCardData+CoreDataClass.swift */ = {isa = PBXFileReference; fileEncoding = 4; lastKnownFileType = sourcecode.swift; path = "PhotoCardData+CoreDataClass.swift"; sourceTree = "<group>"; };
		3670DB4428F685830087812E /* CoreDataManager.swift */ = {isa = PBXFileReference; lastKnownFileType = sourcecode.swift; path = CoreDataManager.swift; sourceTree = "<group>"; };
		3670DB4728F697B50087812E /* WriteViewController.swift */ = {isa = PBXFileReference; lastKnownFileType = sourcecode.swift; path = WriteViewController.swift; sourceTree = "<group>"; };
		3670DB4928F6A5B70087812E /* WriteView.swift */ = {isa = PBXFileReference; lastKnownFileType = sourcecode.swift; path = WriteView.swift; sourceTree = "<group>"; };
		3670DB4B28F6EE570087812E /* EmptyCell.swift */ = {isa = PBXFileReference; lastKnownFileType = sourcecode.swift; path = EmptyCell.swift; sourceTree = "<group>"; };
		3670DB4E28F6FD070087812E /* CardViewDetailViewController.swift */ = {isa = PBXFileReference; lastKnownFileType = sourcecode.swift; path = CardViewDetailViewController.swift; sourceTree = "<group>"; };
		3670DB5028F7131D0087812E /* DetailView.swift */ = {isa = PBXFileReference; lastKnownFileType = sourcecode.swift; path = DetailView.swift; sourceTree = "<group>"; };
		3670DB5528F73B9B0087812E /* EditViewController.swift */ = {isa = PBXFileReference; lastKnownFileType = sourcecode.swift; path = EditViewController.swift; sourceTree = "<group>"; };
		36B3329D28F9B5A30021E0E0 /* UIImage+Extesion.swift */ = {isa = PBXFileReference; lastKnownFileType = sourcecode.swift; path = "UIImage+Extesion.swift"; sourceTree = "<group>"; };
		36B6139728F7ABFF0037557E /* CollectCell.swift */ = {isa = PBXFileReference; lastKnownFileType = sourcecode.swift; path = CollectCell.swift; sourceTree = "<group>"; };
		36B6139928F7BB6E0037557E /* Constants.swift */ = {isa = PBXFileReference; lastKnownFileType = sourcecode.swift; path = Constants.swift; sourceTree = "<group>"; };
		36B6139C28F7C85F0037557E /* CalendarViewController.swift */ = {isa = PBXFileReference; lastKnownFileType = sourcecode.swift; path = CalendarViewController.swift; sourceTree = "<group>"; };
		36B6139F28F7E7640037557E /* ResultViewController.swift */ = {isa = PBXFileReference; lastKnownFileType = sourcecode.swift; path = ResultViewController.swift; sourceTree = "<group>"; };
		36B613A328F7FF540037557E /* ResultCell.swift */ = {isa = PBXFileReference; lastKnownFileType = sourcecode.swift; path = ResultCell.swift; sourceTree = "<group>"; };
		36B613AD28F86ECD0037557E /* NetworkManager.swift */ = {isa = PBXFileReference; lastKnownFileType = sourcecode.swift; path = NetworkManager.swift; sourceTree = "<group>"; };
		36B613AF28F86F5D0037557E /* WeatherData.swift */ = {isa = PBXFileReference; lastKnownFileType = sourcecode.swift; path = WeatherData.swift; sourceTree = "<group>"; };
		36DD6ACA28F652E90071137F /* PhotoCardDiaryApp.app */ = {isa = PBXFileReference; explicitFileType = wrapper.application; includeInIndex = 0; path = PhotoCardDiaryApp.app; sourceTree = BUILT_PRODUCTS_DIR; };
		36DD6ACD28F652E90071137F /* AppDelegate.swift */ = {isa = PBXFileReference; lastKnownFileType = sourcecode.swift; path = AppDelegate.swift; sourceTree = "<group>"; };
		36DD6ACF28F652E90071137F /* SceneDelegate.swift */ = {isa = PBXFileReference; lastKnownFileType = sourcecode.swift; path = SceneDelegate.swift; sourceTree = "<group>"; };
		36DD6AD728F652E90071137F /* PhotoCardDiaryApp.xcdatamodel */ = {isa = PBXFileReference; lastKnownFileType = wrapper.xcdatamodel; path = PhotoCardDiaryApp.xcdatamodel; sourceTree = "<group>"; };
		36DD6AD928F652EB0071137F /* Assets.xcassets */ = {isa = PBXFileReference; lastKnownFileType = folder.assetcatalog; path = Assets.xcassets; sourceTree = "<group>"; };
		36DD6ADC28F652EB0071137F /* Base */ = {isa = PBXFileReference; lastKnownFileType = file.storyboard; name = Base; path = Base.lproj/LaunchScreen.storyboard; sourceTree = "<group>"; };
		36DD6ADE28F652EB0071137F /* Info.plist */ = {isa = PBXFileReference; lastKnownFileType = text.plist.xml; path = Info.plist; sourceTree = "<group>"; };
		36DD6AE828F6534D0071137F /* MainViewController.swift */ = {isa = PBXFileReference; lastKnownFileType = sourcecode.swift; path = MainViewController.swift; sourceTree = "<group>"; };
		36DD6AEA28F65E550071137F /* UnderLineSegmentedControl.swift */ = {isa = PBXFileReference; lastKnownFileType = sourcecode.swift; path = UnderLineSegmentedControl.swift; sourceTree = "<group>"; };
		36DD6AEE28F65F2F0071137F /* CardViewController.swift */ = {isa = PBXFileReference; lastKnownFileType = sourcecode.swift; path = CardViewController.swift; sourceTree = "<group>"; };
		36DD6AF028F65F770071137F /* CollectViewController.swift */ = {isa = PBXFileReference; lastKnownFileType = sourcecode.swift; path = CollectViewController.swift; sourceTree = "<group>"; };
		8E4C34A3946F5E37FF7DC56A /* Pods-PhotoCardDiaryApp.release.xcconfig */ = {isa = PBXFileReference; includeInIndex = 1; lastKnownFileType = text.xcconfig; name = "Pods-PhotoCardDiaryApp.release.xcconfig"; path = "Target Support Files/Pods-PhotoCardDiaryApp/Pods-PhotoCardDiaryApp.release.xcconfig"; sourceTree = "<group>"; };
/* End PBXFileReference section */

/* Begin PBXFrameworksBuildPhase section */
		36DD6AC728F652E90071137F /* Frameworks */ = {
			isa = PBXFrameworksBuildPhase;
			buildActionMask = 2147483647;
			files = (
				E8DC9B88411D5F89473BEF8B /* Pods_PhotoCardDiaryApp.framework in Frameworks */,
			);
			runOnlyForDeploymentPostprocessing = 0;
		};
/* End PBXFrameworksBuildPhase section */

/* Begin PBXGroup section */
		3670DB4628F6978F0087812E /* WriteVC */ = {
			isa = PBXGroup;
			children = (
				3670DB4728F697B50087812E /* WriteViewController.swift */,
				3670DB5528F73B9B0087812E /* EditViewController.swift */,
			);
			path = WriteVC;
			sourceTree = "<group>";
		};
		3670DB4D28F6FCED0087812E /* DetailVC */ = {
			isa = PBXGroup;
			children = (
				3670DB4E28F6FD070087812E /* CardViewDetailViewController.swift */,
			);
			path = DetailVC;
			sourceTree = "<group>";
		};
		3670DB5428F71CD10087812E /* Network */ = {
			isa = PBXGroup;
			children = (
				36B613AD28F86ECD0037557E /* NetworkManager.swift */,
				36B613AF28F86F5D0037557E /* WeatherData.swift */,
			);
			path = Network;
			sourceTree = "<group>";
		};
		36B6139B28F7C8230037557E /* CalendarVC */ = {
			isa = PBXGroup;
			children = (
				36B6139C28F7C85F0037557E /* CalendarViewController.swift */,
			);
			path = CalendarVC;
			sourceTree = "<group>";
		};
		36B6139E28F7E2950037557E /* ResultVC */ = {
			isa = PBXGroup;
			children = (
				36B6139F28F7E7640037557E /* ResultViewController.swift */,
			);
			path = ResultVC;
			sourceTree = "<group>";
		};
		36DD6AC128F652E90071137F = {
			isa = PBXGroup;
			children = (
				36DD6ACC28F652E90071137F /* PhotoCardDiaryApp */,
				36DD6ACB28F652E90071137F /* Products */,
				EB596BDCF72A1193765BF8C2 /* Pods */,
				BE1F0A7857FEE724F7284AE5 /* Frameworks */,
			);
			sourceTree = "<group>";
		};
		36DD6ACB28F652E90071137F /* Products */ = {
			isa = PBXGroup;
			children = (
				36DD6ACA28F652E90071137F /* PhotoCardDiaryApp.app */,
			);
			name = Products;
			sourceTree = "<group>";
		};
		36DD6ACC28F652E90071137F /* PhotoCardDiaryApp */ = {
			isa = PBXGroup;
			children = (
				36DD6AE728F6533D0071137F /* Helpers */,
				3670DB5428F71CD10087812E /* Network */,
				36DD6AE628F653370071137F /* CoreData */,
				36DD6AE528F653320071137F /* Views */,
				36DD6AE428F6532B0071137F /* Controllers */,
				36DD6ACD28F652E90071137F /* AppDelegate.swift */,
				36DD6ACF28F652E90071137F /* SceneDelegate.swift */,
				36DD6AD928F652EB0071137F /* Assets.xcassets */,
				36DD6ADB28F652EB0071137F /* LaunchScreen.storyboard */,
				36DD6ADE28F652EB0071137F /* Info.plist */,
				36DD6AD628F652E90071137F /* PhotoCardDiaryApp.xcdatamodeld */,
			);
			path = PhotoCardDiaryApp;
			sourceTree = "<group>";
		};
		36DD6AE428F6532B0071137F /* Controllers */ = {
			isa = PBXGroup;
			children = (
				36DD6AEC28F65E9B0071137F /* MainVC */,
				36DD6AED28F65EDD0071137F /* PhotoListVC */,
				3670DB4628F6978F0087812E /* WriteVC */,
				3670DB4D28F6FCED0087812E /* DetailVC */,
				36B6139E28F7E2950037557E /* ResultVC */,
				36B6139B28F7C8230037557E /* CalendarVC */,
			);
			path = Controllers;
			sourceTree = "<group>";
		};
		36DD6AE528F653320071137F /* Views */ = {
			isa = PBXGroup;
			children = (
				3670DB4928F6A5B70087812E /* WriteView.swift */,
				3670DB5028F7131D0087812E /* DetailView.swift */,
				3670DB3A28F670590087812E /* PhotoCardCell.swift */,
				3670DB4B28F6EE570087812E /* EmptyCell.swift */,
				36B6139728F7ABFF0037557E /* CollectCell.swift */,
				36B613A328F7FF540037557E /* ResultCell.swift */,
			);
			path = Views;
			sourceTree = "<group>";
		};
		36DD6AE628F653370071137F /* CoreData */ = {
			isa = PBXGroup;
			children = (
				3670DB4128F6837A0087812E /* PhotoCardData+CoreDataClass.swift */,
				3670DB4028F6837A0087812E /* PhotoCardData+CoreDataProperties.swift */,
				3670DB4428F685830087812E /* CoreDataManager.swift */,
			);
			path = CoreData;
			sourceTree = "<group>";
		};
		36DD6AE728F6533D0071137F /* Helpers */ = {
			isa = PBXGroup;
			children = (
				36B6139928F7BB6E0037557E /* Constants.swift */,
				36B3329D28F9B5A30021E0E0 /* UIImage+Extesion.swift */,
			);
			path = Helpers;
			sourceTree = "<group>";
		};
		36DD6AEC28F65E9B0071137F /* MainVC */ = {
			isa = PBXGroup;
			children = (
				36DD6AE828F6534D0071137F /* MainViewController.swift */,
				36DD6AEA28F65E550071137F /* UnderLineSegmentedControl.swift */,
			);
			path = MainVC;
			sourceTree = "<group>";
		};
		36DD6AED28F65EDD0071137F /* PhotoListVC */ = {
			isa = PBXGroup;
			children = (
				36DD6AEE28F65F2F0071137F /* CardViewController.swift */,
				36DD6AF028F65F770071137F /* CollectViewController.swift */,
			);
			path = PhotoListVC;
			sourceTree = "<group>";
		};
		BE1F0A7857FEE724F7284AE5 /* Frameworks */ = {
			isa = PBXGroup;
			children = (
				09D385F84BD4A41134FE4EEE /* Pods_PhotoCardDiaryApp.framework */,
			);
			name = Frameworks;
			sourceTree = "<group>";
		};
		EB596BDCF72A1193765BF8C2 /* Pods */ = {
			isa = PBXGroup;
			children = (
				272AE56AA9D94FDC94EA3304 /* Pods-PhotoCardDiaryApp.debug.xcconfig */,
				8E4C34A3946F5E37FF7DC56A /* Pods-PhotoCardDiaryApp.release.xcconfig */,
			);
			path = Pods;
			sourceTree = "<group>";
		};
/* End PBXGroup section */

/* Begin PBXNativeTarget section */
		36DD6AC928F652E90071137F /* PhotoCardDiaryApp */ = {
			isa = PBXNativeTarget;
			buildConfigurationList = 36DD6AE128F652EB0071137F /* Build configuration list for PBXNativeTarget "PhotoCardDiaryApp" */;
			buildPhases = (
				E8E32051457CF6D86643C57C /* [CP] Check Pods Manifest.lock */,
				36DD6AC628F652E90071137F /* Sources */,
				36DD6AC728F652E90071137F /* Frameworks */,
				36DD6AC828F652E90071137F /* Resources */,
				6B8838C43E713A5E42AE60ED /* [CP] Embed Pods Frameworks */,
			);
			buildRules = (
			);
			dependencies = (
			);
			name = PhotoCardDiaryApp;
			productName = PhotoCardDiaryApp;
			productReference = 36DD6ACA28F652E90071137F /* PhotoCardDiaryApp.app */;
			productType = "com.apple.product-type.application";
		};
/* End PBXNativeTarget section */

/* Begin PBXProject section */
		36DD6AC228F652E90071137F /* Project object */ = {
			isa = PBXProject;
			attributes = {
				BuildIndependentTargetsInParallel = 1;
				LastSwiftUpdateCheck = 1400;
				LastUpgradeCheck = 1400;
				TargetAttributes = {
					36DD6AC928F652E90071137F = {
						CreatedOnToolsVersion = 14.0;
					};
				};
			};
			buildConfigurationList = 36DD6AC528F652E90071137F /* Build configuration list for PBXProject "PhotoCardDiaryApp" */;
			compatibilityVersion = "Xcode 13.0";
			developmentRegion = en;
			hasScannedForEncodings = 0;
			knownRegions = (
				en,
				Base,
			);
			mainGroup = 36DD6AC128F652E90071137F;
			productRefGroup = 36DD6ACB28F652E90071137F /* Products */;
			projectDirPath = "";
			projectRoot = "";
			targets = (
				36DD6AC928F652E90071137F /* PhotoCardDiaryApp */,
			);
		};
/* End PBXProject section */

/* Begin PBXResourcesBuildPhase section */
		36DD6AC828F652E90071137F /* Resources */ = {
			isa = PBXResourcesBuildPhase;
			buildActionMask = 2147483647;
			files = (
				36DD6ADD28F652EB0071137F /* LaunchScreen.storyboard in Resources */,
				36DD6ADA28F652EB0071137F /* Assets.xcassets in Resources */,
			);
			runOnlyForDeploymentPostprocessing = 0;
		};
/* End PBXResourcesBuildPhase section */

/* Begin PBXShellScriptBuildPhase section */
		6B8838C43E713A5E42AE60ED /* [CP] Embed Pods Frameworks */ = {
			isa = PBXShellScriptBuildPhase;
			buildActionMask = 2147483647;
			files = (
			);
			inputFileListPaths = (
				"${PODS_ROOT}/Target Support Files/Pods-PhotoCardDiaryApp/Pods-PhotoCardDiaryApp-frameworks-${CONFIGURATION}-input-files.xcfilelist",
			);
			name = "[CP] Embed Pods Frameworks";
			outputFileListPaths = (
				"${PODS_ROOT}/Target Support Files/Pods-PhotoCardDiaryApp/Pods-PhotoCardDiaryApp-frameworks-${CONFIGURATION}-output-files.xcfilelist",
			);
			runOnlyForDeploymentPostprocessing = 0;
			shellPath = /bin/sh;
			shellScript = "\"${PODS_ROOT}/Target Support Files/Pods-PhotoCardDiaryApp/Pods-PhotoCardDiaryApp-frameworks.sh\"\n";
			showEnvVarsInLog = 0;
		};
		E8E32051457CF6D86643C57C /* [CP] Check Pods Manifest.lock */ = {
			isa = PBXShellScriptBuildPhase;
			buildActionMask = 2147483647;
			files = (
			);
			inputFileListPaths = (
			);
			inputPaths = (
				"${PODS_PODFILE_DIR_PATH}/Podfile.lock",
				"${PODS_ROOT}/Manifest.lock",
			);
			name = "[CP] Check Pods Manifest.lock";
			outputFileListPaths = (
			);
			outputPaths = (
				"$(DERIVED_FILE_DIR)/Pods-PhotoCardDiaryApp-checkManifestLockResult.txt",
			);
			runOnlyForDeploymentPostprocessing = 0;
			shellPath = /bin/sh;
			shellScript = "diff \"${PODS_PODFILE_DIR_PATH}/Podfile.lock\" \"${PODS_ROOT}/Manifest.lock\" > /dev/null\nif [ $? != 0 ] ; then\n    # print error to STDERR\n    echo \"error: The sandbox is not in sync with the Podfile.lock. Run 'pod install' or update your CocoaPods installation.\" >&2\n    exit 1\nfi\n# This output is used by Xcode 'outputs' to avoid re-running this script phase.\necho \"SUCCESS\" > \"${SCRIPT_OUTPUT_FILE_0}\"\n";
			showEnvVarsInLog = 0;
		};
/* End PBXShellScriptBuildPhase section */

/* Begin PBXSourcesBuildPhase section */
		36DD6AC628F652E90071137F /* Sources */ = {
			isa = PBXSourcesBuildPhase;
			buildActionMask = 2147483647;
			files = (
				36B613AE28F86ECD0037557E /* NetworkManager.swift in Sources */,
				36B3329E28F9B5A30021E0E0 /* UIImage+Extesion.swift in Sources */,
				36B6139D28F7C85F0037557E /* CalendarViewController.swift in Sources */,
				3670DB4328F6837A0087812E /* PhotoCardData+CoreDataClass.swift in Sources */,
				36B613A028F7E7640037557E /* ResultViewController.swift in Sources */,
				36B6139A28F7BB6E0037557E /* Constants.swift in Sources */,
				36B613A428F7FF540037557E /* ResultCell.swift in Sources */,
				36DD6AD828F652E90071137F /* PhotoCardDiaryApp.xcdatamodeld in Sources */,
				36DD6ACE28F652E90071137F /* AppDelegate.swift in Sources */,
				3670DB4C28F6EE570087812E /* EmptyCell.swift in Sources */,
				3670DB4228F6837A0087812E /* PhotoCardData+CoreDataProperties.swift in Sources */,
				3670DB3B28F670590087812E /* PhotoCardCell.swift in Sources */,
				36DD6AF128F65F770071137F /* CollectViewController.swift in Sources */,
				3670DB5628F73B9B0087812E /* EditViewController.swift in Sources */,
				3670DB4828F697B50087812E /* WriteViewController.swift in Sources */,
				36DD6AD028F652E90071137F /* SceneDelegate.swift in Sources */,
				3670DB5128F7131D0087812E /* DetailView.swift in Sources */,
				36DD6AEF28F65F2F0071137F /* CardViewController.swift in Sources */,
				36B6139828F7ABFF0037557E /* CollectCell.swift in Sources */,
				36DD6AE928F6534D0071137F /* MainViewController.swift in Sources */,
				3670DB4A28F6A5B70087812E /* WriteView.swift in Sources */,
				3670DB4F28F6FD070087812E /* CardViewDetailViewController.swift in Sources */,
				36DD6AEB28F65E550071137F /* UnderLineSegmentedControl.swift in Sources */,
				36B613B028F86F5D0037557E /* WeatherData.swift in Sources */,
				3670DB4528F685830087812E /* CoreDataManager.swift in Sources */,
			);
			runOnlyForDeploymentPostprocessing = 0;
		};
/* End PBXSourcesBuildPhase section */

/* Begin PBXVariantGroup section */
		36DD6ADB28F652EB0071137F /* LaunchScreen.storyboard */ = {
			isa = PBXVariantGroup;
			children = (
				36DD6ADC28F652EB0071137F /* Base */,
			);
			name = LaunchScreen.storyboard;
			sourceTree = "<group>";
		};
/* End PBXVariantGroup section */

/* Begin XCBuildConfiguration section */
		36DD6ADF28F652EB0071137F /* Debug */ = {
			isa = XCBuildConfiguration;
			buildSettings = {
				ALWAYS_SEARCH_USER_PATHS = NO;
				CLANG_ANALYZER_NONNULL = YES;
				CLANG_ANALYZER_NUMBER_OBJECT_CONVERSION = YES_AGGRESSIVE;
				CLANG_CXX_LANGUAGE_STANDARD = "gnu++20";
				CLANG_ENABLE_MODULES = YES;
				CLANG_ENABLE_OBJC_ARC = YES;
				CLANG_ENABLE_OBJC_WEAK = YES;
				CLANG_WARN_BLOCK_CAPTURE_AUTORELEASING = YES;
				CLANG_WARN_BOOL_CONVERSION = YES;
				CLANG_WARN_COMMA = YES;
				CLANG_WARN_CONSTANT_CONVERSION = YES;
				CLANG_WARN_DEPRECATED_OBJC_IMPLEMENTATIONS = YES;
				CLANG_WARN_DIRECT_OBJC_ISA_USAGE = YES_ERROR;
				CLANG_WARN_DOCUMENTATION_COMMENTS = YES;
				CLANG_WARN_EMPTY_BODY = YES;
				CLANG_WARN_ENUM_CONVERSION = YES;
				CLANG_WARN_INFINITE_RECURSION = YES;
				CLANG_WARN_INT_CONVERSION = YES;
				CLANG_WARN_NON_LITERAL_NULL_CONVERSION = YES;
				CLANG_WARN_OBJC_IMPLICIT_RETAIN_SELF = YES;
				CLANG_WARN_OBJC_LITERAL_CONVERSION = YES;
				CLANG_WARN_OBJC_ROOT_CLASS = YES_ERROR;
				CLANG_WARN_QUOTED_INCLUDE_IN_FRAMEWORK_HEADER = YES;
				CLANG_WARN_RANGE_LOOP_ANALYSIS = YES;
				CLANG_WARN_STRICT_PROTOTYPES = YES;
				CLANG_WARN_SUSPICIOUS_MOVE = YES;
				CLANG_WARN_UNGUARDED_AVAILABILITY = YES_AGGRESSIVE;
				CLANG_WARN_UNREACHABLE_CODE = YES;
				CLANG_WARN__DUPLICATE_METHOD_MATCH = YES;
				COPY_PHASE_STRIP = NO;
				DEBUG_INFORMATION_FORMAT = dwarf;
				ENABLE_STRICT_OBJC_MSGSEND = YES;
				ENABLE_TESTABILITY = YES;
				GCC_C_LANGUAGE_STANDARD = gnu11;
				GCC_DYNAMIC_NO_PIC = NO;
				GCC_NO_COMMON_BLOCKS = YES;
				GCC_OPTIMIZATION_LEVEL = 0;
				GCC_PREPROCESSOR_DEFINITIONS = (
					"DEBUG=1",
					"$(inherited)",
				);
				GCC_WARN_64_TO_32_BIT_CONVERSION = YES;
				GCC_WARN_ABOUT_RETURN_TYPE = YES_ERROR;
				GCC_WARN_UNDECLARED_SELECTOR = YES;
				GCC_WARN_UNINITIALIZED_AUTOS = YES_AGGRESSIVE;
				GCC_WARN_UNUSED_FUNCTION = YES;
				GCC_WARN_UNUSED_VARIABLE = YES;
				IPHONEOS_DEPLOYMENT_TARGET = 16.0;
				MTL_ENABLE_DEBUG_INFO = INCLUDE_SOURCE;
				MTL_FAST_MATH = YES;
				ONLY_ACTIVE_ARCH = YES;
				SDKROOT = iphoneos;
				SWIFT_ACTIVE_COMPILATION_CONDITIONS = DEBUG;
				SWIFT_OPTIMIZATION_LEVEL = "-Onone";
			};
			name = Debug;
		};
		36DD6AE028F652EB0071137F /* Release */ = {
			isa = XCBuildConfiguration;
			buildSettings = {
				ALWAYS_SEARCH_USER_PATHS = NO;
				CLANG_ANALYZER_NONNULL = YES;
				CLANG_ANALYZER_NUMBER_OBJECT_CONVERSION = YES_AGGRESSIVE;
				CLANG_CXX_LANGUAGE_STANDARD = "gnu++20";
				CLANG_ENABLE_MODULES = YES;
				CLANG_ENABLE_OBJC_ARC = YES;
				CLANG_ENABLE_OBJC_WEAK = YES;
				CLANG_WARN_BLOCK_CAPTURE_AUTORELEASING = YES;
				CLANG_WARN_BOOL_CONVERSION = YES;
				CLANG_WARN_COMMA = YES;
				CLANG_WARN_CONSTANT_CONVERSION = YES;
				CLANG_WARN_DEPRECATED_OBJC_IMPLEMENTATIONS = YES;
				CLANG_WARN_DIRECT_OBJC_ISA_USAGE = YES_ERROR;
				CLANG_WARN_DOCUMENTATION_COMMENTS = YES;
				CLANG_WARN_EMPTY_BODY = YES;
				CLANG_WARN_ENUM_CONVERSION = YES;
				CLANG_WARN_INFINITE_RECURSION = YES;
				CLANG_WARN_INT_CONVERSION = YES;
				CLANG_WARN_NON_LITERAL_NULL_CONVERSION = YES;
				CLANG_WARN_OBJC_IMPLICIT_RETAIN_SELF = YES;
				CLANG_WARN_OBJC_LITERAL_CONVERSION = YES;
				CLANG_WARN_OBJC_ROOT_CLASS = YES_ERROR;
				CLANG_WARN_QUOTED_INCLUDE_IN_FRAMEWORK_HEADER = YES;
				CLANG_WARN_RANGE_LOOP_ANALYSIS = YES;
				CLANG_WARN_STRICT_PROTOTYPES = YES;
				CLANG_WARN_SUSPICIOUS_MOVE = YES;
				CLANG_WARN_UNGUARDED_AVAILABILITY = YES_AGGRESSIVE;
				CLANG_WARN_UNREACHABLE_CODE = YES;
				CLANG_WARN__DUPLICATE_METHOD_MATCH = YES;
				COPY_PHASE_STRIP = NO;
				DEBUG_INFORMATION_FORMAT = "dwarf-with-dsym";
				ENABLE_NS_ASSERTIONS = NO;
				ENABLE_STRICT_OBJC_MSGSEND = YES;
				GCC_C_LANGUAGE_STANDARD = gnu11;
				GCC_NO_COMMON_BLOCKS = YES;
				GCC_WARN_64_TO_32_BIT_CONVERSION = YES;
				GCC_WARN_ABOUT_RETURN_TYPE = YES_ERROR;
				GCC_WARN_UNDECLARED_SELECTOR = YES;
				GCC_WARN_UNINITIALIZED_AUTOS = YES_AGGRESSIVE;
				GCC_WARN_UNUSED_FUNCTION = YES;
				GCC_WARN_UNUSED_VARIABLE = YES;
				IPHONEOS_DEPLOYMENT_TARGET = 16.0;
				MTL_ENABLE_DEBUG_INFO = NO;
				MTL_FAST_MATH = YES;
				SDKROOT = iphoneos;
				SWIFT_COMPILATION_MODE = wholemodule;
				SWIFT_OPTIMIZATION_LEVEL = "-O";
				VALIDATE_PRODUCT = YES;
			};
			name = Release;
		};
		36DD6AE228F652EB0071137F /* Debug */ = {
			isa = XCBuildConfiguration;
			baseConfigurationReference = 272AE56AA9D94FDC94EA3304 /* Pods-PhotoCardDiaryApp.debug.xcconfig */;
			buildSettings = {
				ASSETCATALOG_COMPILER_APPICON_NAME = AppIcon;
				ASSETCATALOG_COMPILER_GLOBAL_ACCENT_COLOR_NAME = AccentColor;
				CODE_SIGN_STYLE = Automatic;
				CURRENT_PROJECT_VERSION = 1;
				DEVELOPMENT_TEAM = 7RDXK25LLS;
				GENERATE_INFOPLIST_FILE = YES;
				INFOPLIST_FILE = PhotoCardDiaryApp/Info.plist;
				INFOPLIST_KEY_UIApplicationSupportsIndirectInputEvents = YES;
				INFOPLIST_KEY_UILaunchStoryboardName = LaunchScreen.storyboard;
				INFOPLIST_KEY_UIMainStoryboardFile = "";
				INFOPLIST_KEY_UISupportedInterfaceOrientations = UIInterfaceOrientationPortrait;
				INFOPLIST_KEY_UISupportedInterfaceOrientations_iPad = "UIInterfaceOrientationLandscapeLeft UIInterfaceOrientationLandscapeRight UIInterfaceOrientationPortrait UIInterfaceOrientationPortraitUpsideDown";
				IPHONEOS_DEPLOYMENT_TARGET = 14.0;
				LD_RUNPATH_SEARCH_PATHS = (
					"$(inherited)",
					"@executable_path/Frameworks",
				);
				MARKETING_VERSION = 1.0;
				PRODUCT_BUNDLE_IDENTIFIER = com.hyou.PhotoCardDiaryApp;
				PRODUCT_NAME = "$(TARGET_NAME)";
				SUPPORTED_PLATFORMS = "iphoneos iphonesimulator";
				SUPPORTS_MACCATALYST = NO;
				SUPPORTS_MAC_DESIGNED_FOR_IPHONE_IPAD = NO;
				SWIFT_EMIT_LOC_STRINGS = YES;
				SWIFT_VERSION = 5.0;
				TARGETED_DEVICE_FAMILY = 1;
			};
			name = Debug;
		};
		36DD6AE328F652EB0071137F /* Release */ = {
			isa = XCBuildConfiguration;
			baseConfigurationReference = 8E4C34A3946F5E37FF7DC56A /* Pods-PhotoCardDiaryApp.release.xcconfig */;
			buildSettings = {
				ASSETCATALOG_COMPILER_APPICON_NAME = AppIcon;
				ASSETCATALOG_COMPILER_GLOBAL_ACCENT_COLOR_NAME = AccentColor;
				CODE_SIGN_STYLE = Automatic;
				CURRENT_PROJECT_VERSION = 1;
				DEVELOPMENT_TEAM = 7RDXK25LLS;
				GENERATE_INFOPLIST_FILE = YES;
				INFOPLIST_FILE = PhotoCardDiaryApp/Info.plist;
				INFOPLIST_KEY_UIApplicationSupportsIndirectInputEvents = YES;
				INFOPLIST_KEY_UILaunchStoryboardName = LaunchScreen.storyboard;
				INFOPLIST_KEY_UIMainStoryboardFile = "";
				INFOPLIST_KEY_UISupportedInterfaceOrientations = UIInterfaceOrientationPortrait;
				INFOPLIST_KEY_UISupportedInterfaceOrientations_iPad = "UIInterfaceOrientationLandscapeLeft UIInterfaceOrientationLandscapeRight UIInterfaceOrientationPortrait UIInterfaceOrientationPortraitUpsideDown";
				IPHONEOS_DEPLOYMENT_TARGET = 14.0;
				LD_RUNPATH_SEARCH_PATHS = (
					"$(inherited)",
					"@executable_path/Frameworks",
				);
				MARKETING_VERSION = 1.0;
				PRODUCT_BUNDLE_IDENTIFIER = com.hyou.PhotoCardDiaryApp;
				PRODUCT_NAME = "$(TARGET_NAME)";
				SUPPORTED_PLATFORMS = "iphoneos iphonesimulator";
				SUPPORTS_MACCATALYST = NO;
				SUPPORTS_MAC_DESIGNED_FOR_IPHONE_IPAD = NO;
				SWIFT_EMIT_LOC_STRINGS = YES;
				SWIFT_VERSION = 5.0;
				TARGETED_DEVICE_FAMILY = 1;
			};
			name = Release;
		};
/* End XCBuildConfiguration section */

/* Begin XCConfigurationList section */
		36DD6AC528F652E90071137F /* Build configuration list for PBXProject "PhotoCardDiaryApp" */ = {
			isa = XCConfigurationList;
			buildConfigurations = (
				36DD6ADF28F652EB0071137F /* Debug */,
				36DD6AE028F652EB0071137F /* Release */,
			);
			defaultConfigurationIsVisible = 0;
			defaultConfigurationName = Release;
		};
		36DD6AE128F652EB0071137F /* Build configuration list for PBXNativeTarget "PhotoCardDiaryApp" */ = {
			isa = XCConfigurationList;
			buildConfigurations = (
				36DD6AE228F652EB0071137F /* Debug */,
				36DD6AE328F652EB0071137F /* Release */,
			);
			defaultConfigurationIsVisible = 0;
			defaultConfigurationName = Release;
		};
/* End XCConfigurationList section */

/* Begin XCVersionGroup section */
		36DD6AD628F652E90071137F /* PhotoCardDiaryApp.xcdatamodeld */ = {
			isa = XCVersionGroup;
			children = (
				36DD6AD728F652E90071137F /* PhotoCardDiaryApp.xcdatamodel */,
			);
			currentVersion = 36DD6AD728F652E90071137F /* PhotoCardDiaryApp.xcdatamodel */;
			path = PhotoCardDiaryApp.xcdatamodeld;
			sourceTree = "<group>";
			versionGroupType = wrapper.xcdatamodel;
		};
/* End XCVersionGroup section */
	};
	rootObject = 36DD6AC228F652E90071137F /* Project object */;
}
